// !$*UTF8*$!
{
	archiveVersion = 1;
	classes = {
	};
	objectVersion = 56;
	objects = {

/* Begin PBXFileReference section */
		138CD3392BA772E200A8F331 /* src */ = {isa = PBXFileReference; lastKnownFileType = folder; path = src; sourceTree = "<group>"; };
		138CD33A2BA7738100A8F331 /* hpprgm */ = {isa = PBXFileReference; lastKnownFileType = folder; path = hpprgm; sourceTree = "<group>"; };
/* End PBXFileReference section */

/* Begin PBXGroup section */
		138CD3222BA76F0E00A8F331 = {
			isa = PBXGroup;
			children = (
				138CD3392BA772E200A8F331 /* src */,
				138CD33A2BA7738100A8F331 /* hpprgm */,
				138CD32C2BA76F0E00A8F331 /* Products */,
			);
			sourceTree = "<group>";
		};
		138CD32C2BA76F0E00A8F331 /* Products */ = {
			isa = PBXGroup;
			children = (
			);
			name = Products;
			sourceTree = "<group>";
		};
/* End PBXGroup section */

/* Begin PBXLegacyTarget section */
		137976272BBDE0100095FC27 /* Colors */ = {
			isa = PBXLegacyTarget;
			buildArgumentsString = "$(PROJECT_DIR)/src/Colors/main.pp -o $(PROJECT_DIR)/hpprgm/Colors.hpprgm  -l $(PROJECT_DIR)/pplib";
			buildConfigurationList = 137976282BBDE0100095FC27 /* Build configuration list for PBXLegacyTarget "Colors" */;
			buildPhases = (
			);
			buildToolPath = "$(PROJECT_DIR)/p+";
			buildWorkingDirectory = "";
			dependencies = (
			);
			name = Colors;
			passBuildSettingsInEnvironment = 1;
			productName = Chesss;
		};
		1379762B2BBDE0BE0095FC27 /* Periodic */ = {
			isa = PBXLegacyTarget;
			buildArgumentsString = "$(PROJECT_DIR)/src/Periodic/main.pp -o $(PROJECT_DIR)/hpprgm/Periodic.hpprgm  -l $(PROJECT_DIR)/pplib";
			buildConfigurationList = 1379762C2BBDE0BE0095FC27 /* Build configuration list for PBXLegacyTarget "Periodic" */;
			buildPhases = (
			);
			buildToolPath = "$(PROJECT_DIR)/p+";
			buildWorkingDirectory = "";
			dependencies = (
			);
			name = Periodic;
			passBuildSettingsInEnvironment = 1;
			productName = Chesss;
		};
		1379762F2BBDE0EF0095FC27 /* Mad */ = {
			isa = PBXLegacyTarget;
			buildArgumentsString = "$(PROJECT_DIR)/src/Mad/main.pp -o $(PROJECT_DIR)/hpprgm/Mad.hpprgm  -l $(PROJECT_DIR)/pplib";
			buildConfigurationList = 137976302BBDE0EF0095FC27 /* Build configuration list for PBXLegacyTarget "Mad" */;
			buildPhases = (
			);
			buildToolPath = "$(PROJECT_DIR)/p+";
			buildWorkingDirectory = "";
			dependencies = (
			);
			name = Mad;
			passBuildSettingsInEnvironment = 1;
			productName = Chesss;
		};
		138CD3352BA770CA00A8F331 /* Chess */ = {
			isa = PBXLegacyTarget;
			buildArgumentsString = "$(PROJECT_DIR)/src/Chess/main.pp -o $(PROJECT_DIR)/hpprgm/Chess.hpprgm  -l $(PROJECT_DIR)/pplib";
			buildConfigurationList = 138CD3362BA770CA00A8F331 /* Build configuration list for PBXLegacyTarget "Chess" */;
			buildPhases = (
			);
			buildToolPath = "$(PROJECT_DIR)/p+";
			buildWorkingDirectory = "";
			dependencies = (
			);
			name = Chess;
			passBuildSettingsInEnvironment = 1;
			productName = Chesss;
		};
/* End PBXLegacyTarget section */

/* Begin PBXProject section */
		138CD3232BA76F0E00A8F331 /* Project object */ = {
			isa = PBXProject;
			attributes = {
				BuildIndependentTargetsInParallel = 1;
				LastUpgradeCheck = 1530;
				TargetAttributes = {
					138CD3352BA770CA00A8F331 = {
						CreatedOnToolsVersion = 15.3;
					};
				};
			};
			buildConfigurationList = 138CD3262BA76F0E00A8F331 /* Build configuration list for PBXProject "PPL" */;
			compatibilityVersion = "Xcode 14.0";
			developmentRegion = en;
			hasScannedForEncodings = 0;
			knownRegions = (
				en,
				Base,
			);
			mainGroup = 138CD3222BA76F0E00A8F331;
			productRefGroup = 138CD32C2BA76F0E00A8F331 /* Products */;
			projectDirPath = "";
			projectRoot = "";
			targets = (
				138CD3352BA770CA00A8F331 /* Chess */,
				137976272BBDE0100095FC27 /* Colors */,
				1379762F2BBDE0EF0095FC27 /* Mad */,
				1379762B2BBDE0BE0095FC27 /* Periodic */,
			);
		};
/* End PBXProject section */

/* Begin XCBuildConfiguration section */
		137976292BBDE0100095FC27 /* Debug */ = {
			isa = XCBuildConfiguration;
			buildSettings = {
				CODE_SIGN_STYLE = Automatic;
				DEBUGGING_SYMBOLS = YES;
				DEBUG_INFORMATION_FORMAT = dwarf;
				GCC_GENERATE_DEBUGGING_SYMBOLS = YES;
				GCC_OPTIMIZATION_LEVEL = 0;
				OTHER_CFLAGS = "";
				OTHER_LDFLAGS = "";
				PRODUCT_NAME = "$(TARGET_NAME)";
			};
			name = Debug;
		};
		1379762A2BBDE0100095FC27 /* Release */ = {
			isa = XCBuildConfiguration;
			buildSettings = {
				CODE_SIGN_STYLE = Automatic;
				DEBUG_INFORMATION_FORMAT = "dwarf-with-dsym";
				OTHER_CFLAGS = "";
				OTHER_LDFLAGS = "";
				PRODUCT_NAME = "$(TARGET_NAME)";
			};
			name = Release;
		};
		1379762D2BBDE0BE0095FC27 /* Debug */ = {
			isa = XCBuildConfiguration;
			buildSettings = {
				CODE_SIGN_STYLE = Automatic;
				DEBUGGING_SYMBOLS = YES;
				DEBUG_INFORMATION_FORMAT = dwarf;
				GCC_GENERATE_DEBUGGING_SYMBOLS = YES;
				GCC_OPTIMIZATION_LEVEL = 0;
				OTHER_CFLAGS = "";
				OTHER_LDFLAGS = "";
				PRODUCT_NAME = "$(TARGET_NAME)";
			};
			name = Debug;
		};
		1379762E2BBDE0BE0095FC27 /* Release */ = {
			isa = XCBuildConfiguration;
			buildSettings = {
				CODE_SIGN_STYLE = Automatic;
				DEBUG_INFORMATION_FORMAT = "dwarf-with-dsym";
				OTHER_CFLAGS = "";
				OTHER_LDFLAGS = "";
				PRODUCT_NAME = "$(TARGET_NAME)";
			};
			name = Release;
		};
		137976312BBDE0EF0095FC27 /* Debug */ = {
			isa = XCBuildConfiguration;
			buildSettings = {
				CODE_SIGN_STYLE = Automatic;
				DEBUGGING_SYMBOLS = YES;
				DEBUG_INFORMATION_FORMAT = dwarf;
				GCC_GENERATE_DEBUGGING_SYMBOLS = YES;
				GCC_OPTIMIZATION_LEVEL = 0;
				OTHER_CFLAGS = "";
				OTHER_LDFLAGS = "";
				PRODUCT_NAME = "$(TARGET_NAME)";
			};
			name = Debug;
		};
		137976322BBDE0EF0095FC27 /* Release */ = {
			isa = XCBuildConfiguration;
			buildSettings = {
				CODE_SIGN_STYLE = Automatic;
				DEBUG_INFORMATION_FORMAT = "dwarf-with-dsym";
				OTHER_CFLAGS = "";
				OTHER_LDFLAGS = "";
				PRODUCT_NAME = "$(TARGET_NAME)";
			};
			name = Release;
		};
		138CD3302BA76F0E00A8F331 /* Debug */ = {
			isa = XCBuildConfiguration;
			buildSettings = {
				ALWAYS_SEARCH_USER_PATHS = NO;
				ASSETCATALOG_COMPILER_GENERATE_SWIFT_ASSET_SYMBOL_EXTENSIONS = YES;
				CLANG_ANALYZER_NONNULL = YES;
				CLANG_ANALYZER_NUMBER_OBJECT_CONVERSION = YES_AGGRESSIVE;
				CLANG_CXX_LANGUAGE_STANDARD = "gnu++20";
				CLANG_ENABLE_MODULES = YES;
				CLANG_ENABLE_OBJC_ARC = YES;
				CLANG_ENABLE_OBJC_WEAK = YES;
				CLANG_WARN_BLOCK_CAPTURE_AUTORELEASING = YES;
				CLANG_WARN_BOOL_CONVERSION = YES;
				CLANG_WARN_COMMA = YES;
				CLANG_WARN_CONSTANT_CONVERSION = YES;
				CLANG_WARN_DEPRECATED_OBJC_IMPLEMENTATIONS = YES;
				CLANG_WARN_DIRECT_OBJC_ISA_USAGE = YES_ERROR;
				CLANG_WARN_DOCUMENTATION_COMMENTS = YES;
				CLANG_WARN_EMPTY_BODY = YES;
				CLANG_WARN_ENUM_CONVERSION = YES;
				CLANG_WARN_INFINITE_RECURSION = YES;
				CLANG_WARN_INT_CONVERSION = YES;
				CLANG_WARN_NON_LITERAL_NULL_CONVERSION = YES;
				CLANG_WARN_OBJC_IMPLICIT_RETAIN_SELF = YES;
				CLANG_WARN_OBJC_LITERAL_CONVERSION = YES;
				CLANG_WARN_OBJC_ROOT_CLASS = YES_ERROR;
				CLANG_WARN_QUOTED_INCLUDE_IN_FRAMEWORK_HEADER = YES;
				CLANG_WARN_RANGE_LOOP_ANALYSIS = YES;
				CLANG_WARN_STRICT_PROTOTYPES = YES;
				CLANG_WARN_SUSPICIOUS_MOVE = YES;
				CLANG_WARN_UNGUARDED_AVAILABILITY = YES_AGGRESSIVE;
				CLANG_WARN_UNREACHABLE_CODE = YES;
				CLANG_WARN__DUPLICATE_METHOD_MATCH = YES;
				COPY_PHASE_STRIP = NO;
				DEBUG_INFORMATION_FORMAT = dwarf;
				ENABLE_STRICT_OBJC_MSGSEND = YES;
				ENABLE_TESTABILITY = YES;
				ENABLE_USER_SCRIPT_SANDBOXING = YES;
				GCC_C_LANGUAGE_STANDARD = gnu17;
				GCC_DYNAMIC_NO_PIC = NO;
				GCC_NO_COMMON_BLOCKS = YES;
				GCC_OPTIMIZATION_LEVEL = 0;
				GCC_PREPROCESSOR_DEFINITIONS = (
					"DEBUG=1",
					"$(inherited)",
				);
				GCC_WARN_64_TO_32_BIT_CONVERSION = YES;
				GCC_WARN_ABOUT_RETURN_TYPE = YES_ERROR;
				GCC_WARN_UNDECLARED_SELECTOR = YES;
				GCC_WARN_UNINITIALIZED_AUTOS = YES_AGGRESSIVE;
				GCC_WARN_UNUSED_FUNCTION = YES;
				GCC_WARN_UNUSED_VARIABLE = YES;
				LOCALIZATION_PREFERS_STRING_CATALOGS = YES;
				MACOSX_DEPLOYMENT_TARGET = 14.4;
				MTL_ENABLE_DEBUG_INFO = INCLUDE_SOURCE;
				MTL_FAST_MATH = YES;
				ONLY_ACTIVE_ARCH = YES;
				SDKROOT = macosx;
			};
			name = Debug;
		};
		138CD3312BA76F0E00A8F331 /* Release */ = {
			isa = XCBuildConfiguration;
			buildSettings = {
				ALWAYS_SEARCH_USER_PATHS = NO;
				ASSETCATALOG_COMPILER_GENERATE_SWIFT_ASSET_SYMBOL_EXTENSIONS = YES;
				CLANG_ANALYZER_NONNULL = YES;
				CLANG_ANALYZER_NUMBER_OBJECT_CONVERSION = YES_AGGRESSIVE;
				CLANG_CXX_LANGUAGE_STANDARD = "gnu++20";
				CLANG_ENABLE_MODULES = YES;
				CLANG_ENABLE_OBJC_ARC = YES;
				CLANG_ENABLE_OBJC_WEAK = YES;
				CLANG_WARN_BLOCK_CAPTURE_AUTORELEASING = YES;
				CLANG_WARN_BOOL_CONVERSION = YES;
				CLANG_WARN_COMMA = YES;
				CLANG_WARN_CONSTANT_CONVERSION = YES;
				CLANG_WARN_DEPRECATED_OBJC_IMPLEMENTATIONS = YES;
				CLANG_WARN_DIRECT_OBJC_ISA_USAGE = YES_ERROR;
				CLANG_WARN_DOCUMENTATION_COMMENTS = YES;
				CLANG_WARN_EMPTY_BODY = YES;
				CLANG_WARN_ENUM_CONVERSION = YES;
				CLANG_WARN_INFINITE_RECURSION = YES;
				CLANG_WARN_INT_CONVERSION = YES;
				CLANG_WARN_NON_LITERAL_NULL_CONVERSION = YES;
				CLANG_WARN_OBJC_IMPLICIT_RETAIN_SELF = YES;
				CLANG_WARN_OBJC_LITERAL_CONVERSION = YES;
				CLANG_WARN_OBJC_ROOT_CLASS = YES_ERROR;
				CLANG_WARN_QUOTED_INCLUDE_IN_FRAMEWORK_HEADER = YES;
				CLANG_WARN_RANGE_LOOP_ANALYSIS = YES;
				CLANG_WARN_STRICT_PROTOTYPES = YES;
				CLANG_WARN_SUSPICIOUS_MOVE = YES;
				CLANG_WARN_UNGUARDED_AVAILABILITY = YES_AGGRESSIVE;
				CLANG_WARN_UNREACHABLE_CODE = YES;
				CLANG_WARN__DUPLICATE_METHOD_MATCH = YES;
				COPY_PHASE_STRIP = NO;
				DEBUG_INFORMATION_FORMAT = "dwarf-with-dsym";
				ENABLE_NS_ASSERTIONS = NO;
				ENABLE_STRICT_OBJC_MSGSEND = YES;
				ENABLE_USER_SCRIPT_SANDBOXING = YES;
				GCC_C_LANGUAGE_STANDARD = gnu17;
				GCC_NO_COMMON_BLOCKS = YES;
				GCC_WARN_64_TO_32_BIT_CONVERSION = YES;
				GCC_WARN_ABOUT_RETURN_TYPE = YES_ERROR;
				GCC_WARN_UNDECLARED_SELECTOR = YES;
				GCC_WARN_UNINITIALIZED_AUTOS = YES_AGGRESSIVE;
				GCC_WARN_UNUSED_FUNCTION = YES;
				GCC_WARN_UNUSED_VARIABLE = YES;
				LOCALIZATION_PREFERS_STRING_CATALOGS = YES;
				MACOSX_DEPLOYMENT_TARGET = 14.4;
				MTL_ENABLE_DEBUG_INFO = NO;
				MTL_FAST_MATH = YES;
				SDKROOT = macosx;
			};
			name = Release;
		};
		138CD3372BA770CA00A8F331 /* Debug */ = {
			isa = XCBuildConfiguration;
			buildSettings = {
				CODE_SIGN_STYLE = Automatic;
				DEBUGGING_SYMBOLS = YES;
				DEBUG_INFORMATION_FORMAT = dwarf;
				GCC_GENERATE_DEBUGGING_SYMBOLS = YES;
				GCC_OPTIMIZATION_LEVEL = 0;
				OTHER_CFLAGS = "";
				OTHER_LDFLAGS = "";
				PRODUCT_NAME = "$(TARGET_NAME)";
			};
			name = Debug;
		};
		138CD3382BA770CA00A8F331 /* Release */ = {
			isa = XCBuildConfiguration;
			buildSettings = {
				CODE_SIGN_STYLE = Automatic;
				DEBUG_INFORMATION_FORMAT = "dwarf-with-dsym";
				OTHER_CFLAGS = "";
				OTHER_LDFLAGS = "";
				PRODUCT_NAME = "$(TARGET_NAME)";
			};
			name = Release;
		};
/* End XCBuildConfiguration section */

/* Begin XCConfigurationList section */
		137976282BBDE0100095FC27 /* Build configuration list for PBXLegacyTarget "Colors" */ = {
			isa = XCConfigurationList;
			buildConfigurations = (
				137976292BBDE0100095FC27 /* Debug */,
				1379762A2BBDE0100095FC27 /* Release */,
			);
			defaultConfigurationIsVisible = 0;
			defaultConfigurationName = Release;
		};
		1379762C2BBDE0BE0095FC27 /* Build configuration list for PBXLegacyTarget "Periodic" */ = {
			isa = XCConfigurationList;
			buildConfigurations = (
				1379762D2BBDE0BE0095FC27 /* Debug */,
				1379762E2BBDE0BE0095FC27 /* Release */,
			);
			defaultConfigurationIsVisible = 0;
			defaultConfigurationName = Release;
		};
		137976302BBDE0EF0095FC27 /* Build configuration list for PBXLegacyTarget "Mad" */ = {
			isa = XCConfigurationList;
			buildConfigurations = (
				137976312BBDE0EF0095FC27 /* Debug */,
				137976322BBDE0EF0095FC27 /* Release */,
			);
			defaultConfigurationIsVisible = 0;
			defaultConfigurationName = Release;
		};
		138CD3262BA76F0E00A8F331 /* Build configuration list for PBXProject "PPL" */ = {
			isa = XCConfigurationList;
			buildConfigurations = (
				138CD3302BA76F0E00A8F331 /* Debug */,
				138CD3312BA76F0E00A8F331 /* Release */,
			);
			defaultConfigurationIsVisible = 0;
			defaultConfigurationName = Release;
		};
		138CD3362BA770CA00A8F331 /* Build configuration list for PBXLegacyTarget "Chess" */ = {
			isa = XCConfigurationList;
			buildConfigurations = (
				138CD3372BA770CA00A8F331 /* Debug */,
				138CD3382BA770CA00A8F331 /* Release */,
			);
			defaultConfigurationIsVisible = 0;
			defaultConfigurationName = Release;
		};
/* End XCConfigurationList section */
	};
	rootObject = 138CD3232BA76F0E00A8F331 /* Project object */;
}
